
Microsoft Visual Studio Solution File, Format Version 12.00
# Visual Studio Version 16
VisualStudioVersion = 16.0.32106.194
MinimumVisualStudioVersion = 10.0.40219.1
Project("{FAE04EC0-301F-11D3-BF4B-00C04F79EFBC}") = "FibonacciKata", "FibonacciKata.csproj", "{DD5B27EE-69A7-4B01-9361-959DC7B07D60}"
EndProject
Project("{FAE04EC0-301F-11D3-BF4B-00C04F79EFBC}") = "TestFibonacciKata", "..\TestFibbonaciKata\TestFibonacciKata.csproj", "{C1447AFE-BD63-4721-8DA1-4D1F5CBCC268}"
EndProject
Global
	GlobalSection(SolutionConfigurationPlatforms) = preSolution
		Debug|Any CPU = Debug|Any CPU
		Release|Any CPU = Release|Any CPU
	EndGlobalSection
	GlobalSection(ProjectConfigurationPlatforms) = postSolution
		{DD5B27EE-69A7-4B01-9361-959DC7B07D60}.Debug|Any CPU.ActiveCfg = Debug|Any CPU
		{DD5B27EE-69A7-4B01-9361-959DC7B07D60}.Debug|Any CPU.Build.0 = Debug|Any CPU
		{DD5B27EE-69A7-4B01-9361-959DC7B07D60}.Release|Any CPU.ActiveCfg = Release|Any CPU
		{DD5B27EE-69A7-4B01-9361-959DC7B07D60}.Release|Any CPU.Build.0 = Release|Any CPU
		{C1447AFE-BD63-4721-8DA1-4D1F5CBCC268}.Debug|Any CPU.ActiveCfg = Debug|Any CPU
		{C1447AFE-BD63-4721-8DA1-4D1F5CBCC268}.Debug|Any CPU.Build.0 = Debug|Any CPU
		{C1447AFE-BD63-4721-8DA1-4D1F5CBCC268}.Release|Any CPU.ActiveCfg = Release|Any CPU
		{C1447AFE-BD63-4721-8DA1-4D1F5CBCC268}.Release|Any CPU.Build.0 = Release|Any CPU
	EndGlobalSection
	GlobalSection(SolutionProperties) = preSolution
		HideSolutionNode = FALSE
	EndGlobalSection
	GlobalSection(ExtensibilityGlobals) = postSolution
		SolutionGuid = {09E05008-3274-4BDD-B00C-6E45B94C8376}
	EndGlobalSection
EndGlobal
